PODS:
  - RBSRealmBrowser (0.2.6):
    - RealmSwift
  - Realm (3.13.1):
    - Realm/Headers (= 3.13.1)
  - Realm/Headers (3.13.1)
  - RealmSwift (3.13.1):
    - Realm (= 3.13.1)
  - SwiftLint (0.29.3)

DEPENDENCIES:
  - RBSRealmBrowser (from `../`)
  - SwiftLint

SPEC REPOS:
  https://github.com/cocoapods/specs.git:
    - Realm
    - RealmSwift
    - SwiftLint

EXTERNAL SOURCES:
  RBSRealmBrowser:
    :path: "../"

SPEC CHECKSUMS:
  RBSRealmBrowser: 121020f640c1bbaec113546d5b25878b94f93e43
  Realm: 50071da38fe079e0735e47c9f2eae738c68c5996
  RealmSwift: 8a1e6a02b7a08cd17a31e3115143fb69fe5f3fb9
  SwiftLint: bfa7ca7b4d170cfaf0d236ca3ffd969e88a2f002

PODFILE CHECKSUM: ae64994cf51558712e7d425668b4e9bb50d908ed

COCOAPODS: 1.5.3
